// !$*UTF8*$!
{
	archiveVersion = 1;
	classes = {
	};
	objectVersion = 46;
	objects = {

/* Begin PBXBuildFile section */
		740C641A1A42A3F400064978 /* main.m in Sources */ = {isa = PBXBuildFile; fileRef = 740C64191A42A3F400064978 /* main.m */; };
		740C641D1A42A3F400064978 /* AppDelegate.m in Sources */ = {isa = PBXBuildFile; fileRef = 740C641C1A42A3F400064978 /* AppDelegate.m */; };
		740C64201A42A3F400064978 /* ViewController.m in Sources */ = {isa = PBXBuildFile; fileRef = 740C641F1A42A3F400064978 /* ViewController.m */; };
		740C64231A42A3F400064978 /* Main.storyboard in Resources */ = {isa = PBXBuildFile; fileRef = 740C64211A42A3F400064978 /* Main.storyboard */; };
		740C64251A42A3F400064978 /* Images.xcassets in Resources */ = {isa = PBXBuildFile; fileRef = 740C64241A42A3F400064978 /* Images.xcassets */; };
		740C64281A42A3F400064978 /* LaunchScreen.xib in Resources */ = {isa = PBXBuildFile; fileRef = 740C64261A42A3F400064978 /* LaunchScreen.xib */; };
		740C64341A42A3F500064978 /* DemoAddChildTests.m in Sources */ = {isa = PBXBuildFile; fileRef = 740C64331A42A3F500064978 /* DemoAddChildTests.m */; };
		740C64401A42A59600064978 /* CenterViewCtl.m in Sources */ = {isa = PBXBuildFile; fileRef = 740C643E1A42A59600064978 /* CenterViewCtl.m */; };
		740C64441A42B03F00064978 /* LeftMenuViewCtl.m in Sources */ = {isa = PBXBuildFile; fileRef = 740C64431A42B03F00064978 /* LeftMenuViewCtl.m */; };
		741AB3A31A5282C800F703E9 /* DemoWindowLabel.m in Sources */ = {isa = PBXBuildFile; fileRef = 741AB3A21A5282C800F703E9 /* DemoWindowLabel.m */; };
		741AB3A61A52834800F703E9 /* DemoCopyPaste.m in Sources */ = {isa = PBXBuildFile; fileRef = 741AB3A51A52834800F703E9 /* DemoCopyPaste.m */; };
/* End PBXBuildFile section */

/* Begin PBXContainerItemProxy section */
		740C642E1A42A3F500064978 /* PBXContainerItemProxy */ = {
			isa = PBXContainerItemProxy;
			containerPortal = 740C640C1A42A3F400064978 /* Project object */;
			proxyType = 1;
			remoteGlobalIDString = 740C64131A42A3F400064978;
			remoteInfo = DemoAddChild;
		};
/* End PBXContainerItemProxy section */

/* Begin PBXFileReference section */
		740C64141A42A3F400064978 /* DemoAddChild.app */ = {isa = PBXFileReference; explicitFileType = wrapper.application; includeInIndex = 0; path = DemoAddChild.app; sourceTree = BUILT_PRODUCTS_DIR; };
		740C64181A42A3F400064978 /* Info.plist */ = {isa = PBXFileReference; lastKnownFileType = text.plist.xml; path = Info.plist; sourceTree = "<group>"; };
		740C64191A42A3F400064978 /* main.m */ = {isa = PBXFileReference; lastKnownFileType = sourcecode.c.objc; path = main.m; sourceTree = "<group>"; };
		740C641B1A42A3F400064978 /* AppDelegate.h */ = {isa = PBXFileReference; lastKnownFileType = sourcecode.c.h; path = AppDelegate.h; sourceTree = "<group>"; };
		740C641C1A42A3F400064978 /* AppDelegate.m */ = {isa = PBXFileReference; lastKnownFileType = sourcecode.c.objc; path = AppDelegate.m; sourceTree = "<group>"; };
		740C641E1A42A3F400064978 /* ViewController.h */ = {isa = PBXFileReference; lastKnownFileType = sourcecode.c.h; path = ViewController.h; sourceTree = "<group>"; };
		740C641F1A42A3F400064978 /* ViewController.m */ = {isa = PBXFileReference; lastKnownFileType = sourcecode.c.objc; path = ViewController.m; sourceTree = "<group>"; };
		740C64221A42A3F400064978 /* Base */ = {isa = PBXFileReference; lastKnownFileType = file.storyboard; name = Base; path = Base.lproj/Main.storyboard; sourceTree = "<group>"; };
		740C64241A42A3F400064978 /* Images.xcassets */ = {isa = PBXFileReference; lastKnownFileType = folder.assetcatalog; path = Images.xcassets; sourceTree = "<group>"; };
		740C64271A42A3F400064978 /* Base */ = {isa = PBXFileReference; lastKnownFileType = file.xib; name = Base; path = Base.lproj/LaunchScreen.xib; sourceTree = "<group>"; };
		740C642D1A42A3F500064978 /* DemoAddChildTests.xctest */ = {isa = PBXFileReference; explicitFileType = wrapper.cfbundle; includeInIndex = 0; path = DemoAddChildTests.xctest; sourceTree = BUILT_PRODUCTS_DIR; };
		740C64321A42A3F500064978 /* Info.plist */ = {isa = PBXFileReference; lastKnownFileType = text.plist.xml; path = Info.plist; sourceTree = "<group>"; };
		740C64331A42A3F500064978 /* DemoAddChildTests.m */ = {isa = PBXFileReference; lastKnownFileType = sourcecode.c.objc; path = DemoAddChildTests.m; sourceTree = "<group>"; };
		740C643D1A42A59600064978 /* CenterViewCtl.h */ = {isa = PBXFileReference; fileEncoding = 4; lastKnownFileType = sourcecode.c.h; path = CenterViewCtl.h; sourceTree = "<group>"; };
		740C643E1A42A59600064978 /* CenterViewCtl.m */ = {isa = PBXFileReference; fileEncoding = 4; lastKnownFileType = sourcecode.c.objc; path = CenterViewCtl.m; sourceTree = "<group>"; };
		740C64421A42B03F00064978 /* LeftMenuViewCtl.h */ = {isa = PBXFileReference; fileEncoding = 4; lastKnownFileType = sourcecode.c.h; path = LeftMenuViewCtl.h; sourceTree = "<group>"; };
		740C64431A42B03F00064978 /* LeftMenuViewCtl.m */ = {isa = PBXFileReference; fileEncoding = 4; lastKnownFileType = sourcecode.c.objc; path = LeftMenuViewCtl.m; sourceTree = "<group>"; };
		741AB3A11A5282C800F703E9 /* DemoWindowLabel.h */ = {isa = PBXFileReference; fileEncoding = 4; lastKnownFileType = sourcecode.c.h; name = DemoWindowLabel.h; path = Vendor/DemoWindowLabel.h; sourceTree = "<group>"; };
		741AB3A21A5282C800F703E9 /* DemoWindowLabel.m */ = {isa = PBXFileReference; fileEncoding = 4; lastKnownFileType = sourcecode.c.objc; name = DemoWindowLabel.m; path = Vendor/DemoWindowLabel.m; sourceTree = "<group>"; };
		741AB3A41A52834800F703E9 /* DemoCopyPaste.h */ = {isa = PBXFileReference; fileEncoding = 4; lastKnownFileType = sourcecode.c.h; path = DemoCopyPaste.h; sourceTree = "<group>"; };
		741AB3A51A52834800F703E9 /* DemoCopyPaste.m */ = {isa = PBXFileReference; fileEncoding = 4; lastKnownFileType = sourcecode.c.objc; path = DemoCopyPaste.m; sourceTree = "<group>"; };
/* End PBXFileReference section */

/* Begin PBXFrameworksBuildPhase section */
		740C64111A42A3F400064978 /* Frameworks */ = {
			isa = PBXFrameworksBuildPhase;
			buildActionMask = 2147483647;
			files = (
			);
			runOnlyForDeploymentPostprocessing = 0;
		};
		740C642A1A42A3F500064978 /* Frameworks */ = {
			isa = PBXFrameworksBuildPhase;
			buildActionMask = 2147483647;
			files = (
			);
			runOnlyForDeploymentPostprocessing = 0;
		};
/* End PBXFrameworksBuildPhase section */

/* Begin PBXGroup section */
		740C640B1A42A3F400064978 = {
			isa = PBXGroup;
			children = (
				740C64161A42A3F400064978 /* DemoAddChild */,
				740C64301A42A3F500064978 /* DemoAddChildTests */,
				740C64151A42A3F400064978 /* Products */,
			);
			sourceTree = "<group>";
		};
		740C64151A42A3F400064978 /* Products */ = {
			isa = PBXGroup;
			children = (
				740C64141A42A3F400064978 /* DemoAddChild.app */,
				740C642D1A42A3F500064978 /* DemoAddChildTests.xctest */,
			);
			name = Products;
			sourceTree = "<group>";
		};
		740C64161A42A3F400064978 /* DemoAddChild */ = {
			isa = PBXGroup;
			children = (
				740C641B1A42A3F400064978 /* AppDelegate.h */,
				740C641C1A42A3F400064978 /* AppDelegate.m */,
				740C641E1A42A3F400064978 /* ViewController.h */,
				740C641F1A42A3F400064978 /* ViewController.m */,
				740C643D1A42A59600064978 /* CenterViewCtl.h */,
				740C643E1A42A59600064978 /* CenterViewCtl.m */,
				740C64421A42B03F00064978 /* LeftMenuViewCtl.h */,
				740C64431A42B03F00064978 /* LeftMenuViewCtl.m */,
				741AB3A41A52834800F703E9 /* DemoCopyPaste.h */,
				741AB3A51A52834800F703E9 /* DemoCopyPaste.m */,
				741AB3A01A5282B300F703E9 /* Vendor */,
				740C64211A42A3F400064978 /* Main.storyboard */,
				740C64241A42A3F400064978 /* Images.xcassets */,
				740C64261A42A3F400064978 /* LaunchScreen.xib */,
				740C64171A42A3F400064978 /* Supporting Files */,
			);
			path = DemoAddChild;
			sourceTree = "<group>";
		};
		740C64171A42A3F400064978 /* Supporting Files */ = {
			isa = PBXGroup;
			children = (
				740C64181A42A3F400064978 /* Info.plist */,
				740C64191A42A3F400064978 /* main.m */,
			);
			name = "Supporting Files";
			sourceTree = "<group>";
		};
		740C64301A42A3F500064978 /* DemoAddChildTests */ = {
			isa = PBXGroup;
			children = (
				740C64331A42A3F500064978 /* DemoAddChildTests.m */,
				740C64311A42A3F500064978 /* Supporting Files */,
			);
			path = DemoAddChildTests;
			sourceTree = "<group>";
		};
		740C64311A42A3F500064978 /* Supporting Files */ = {
			isa = PBXGroup;
			children = (
				740C64321A42A3F500064978 /* Info.plist */,
			);
			name = "Supporting Files";
			sourceTree = "<group>";
		};
		741AB3A01A5282B300F703E9 /* Vendor */ = {
			isa = PBXGroup;
			children = (
				741AB3A11A5282C800F703E9 /* DemoWindowLabel.h */,
				741AB3A21A5282C800F703E9 /* DemoWindowLabel.m */,
			);
			name = Vendor;
			sourceTree = "<group>";
		};
/* End PBXGroup section */

/* Begin PBXNativeTarget section */
		740C64131A42A3F400064978 /* DemoAddChild */ = {
			isa = PBXNativeTarget;
			buildConfigurationList = 740C64371A42A3F500064978 /* Build configuration list for PBXNativeTarget "DemoAddChild" */;
			buildPhases = (
				740C64101A42A3F400064978 /* Sources */,
				740C64111A42A3F400064978 /* Frameworks */,
				740C64121A42A3F400064978 /* Resources */,
			);
			buildRules = (
			);
			dependencies = (
			);
			name = DemoAddChild;
			productName = DemoAddChild;
			productReference = 740C64141A42A3F400064978 /* DemoAddChild.app */;
			productType = "com.apple.product-type.application";
		};
		740C642C1A42A3F500064978 /* DemoAddChildTests */ = {
			isa = PBXNativeTarget;
			buildConfigurationList = 740C643A1A42A3F500064978 /* Build configuration list for PBXNativeTarget "DemoAddChildTests" */;
			buildPhases = (
				740C64291A42A3F500064978 /* Sources */,
				740C642A1A42A3F500064978 /* Frameworks */,
				740C642B1A42A3F500064978 /* Resources */,
			);
			buildRules = (
			);
			dependencies = (
				740C642F1A42A3F500064978 /* PBXTargetDependency */,
			);
			name = DemoAddChildTests;
			productName = DemoAddChildTests;
			productReference = 740C642D1A42A3F500064978 /* DemoAddChildTests.xctest */;
			productType = "com.apple.product-type.bundle.unit-test";
		};
/* End PBXNativeTarget section */

/* Begin PBXProject section */
		740C640C1A42A3F400064978 /* Project object */ = {
			isa = PBXProject;
			attributes = {
				LastUpgradeCheck = 0600;
				ORGANIZATIONNAME = zichen0422;
				TargetAttributes = {
					740C64131A42A3F400064978 = {
						CreatedOnToolsVersion = 6.0.1;
					};
					740C642C1A42A3F500064978 = {
						CreatedOnToolsVersion = 6.0.1;
						TestTargetID = 740C64131A42A3F400064978;
					};
				};
			};
			buildConfigurationList = 740C640F1A42A3F400064978 /* Build configuration list for PBXProject "DemoAddChild" */;
			compatibilityVersion = "Xcode 3.2";
			developmentRegion = English;
			hasScannedForEncodings = 0;
			knownRegions = (
				en,
				Base,
			);
			mainGroup = 740C640B1A42A3F400064978;
			productRefGroup = 740C64151A42A3F400064978 /* Products */;
			projectDirPath = "";
			projectRoot = "";
			targets = (
				740C64131A42A3F400064978 /* DemoAddChild */,
				740C642C1A42A3F500064978 /* DemoAddChildTests */,
			);
		};
/* End PBXProject section */

/* Begin PBXResourcesBuildPhase section */
		740C64121A42A3F400064978 /* Resources */ = {
			isa = PBXResourcesBuildPhase;
			buildActionMask = 2147483647;
			files = (
				740C64231A42A3F400064978 /* Main.storyboard in Resources */,
				740C64281A42A3F400064978 /* LaunchScreen.xib in Resources */,
				740C64251A42A3F400064978 /* Images.xcassets in Resources */,
			);
			runOnlyForDeploymentPostprocessing = 0;
		};
		740C642B1A42A3F500064978 /* Resources */ = {
			isa = PBXResourcesBuildPhase;
			buildActionMask = 2147483647;
			files = (
			);
			runOnlyForDeploymentPostprocessing = 0;
		};
/* End PBXResourcesBuildPhase section */

/* Begin PBXSourcesBuildPhase section */
		740C64101A42A3F400064978 /* Sources */ = {
			isa = PBXSourcesBuildPhase;
			buildActionMask = 2147483647;
			files = (
				741AB3A61A52834800F703E9 /* DemoCopyPaste.m in Sources */,
				740C64201A42A3F400064978 /* ViewController.m in Sources */,
				740C64401A42A59600064978 /* CenterViewCtl.m in Sources */,
				740C64441A42B03F00064978 /* LeftMenuViewCtl.m in Sources */,
				740C641D1A42A3F400064978 /* AppDelegate.m in Sources */,
				740C641A1A42A3F400064978 /* main.m in Sources */,
				741AB3A31A5282C800F703E9 /* DemoWindowLabel.m in Sources */,
			);
			runOnlyForDeploymentPostprocessing = 0;
		};
		740C64291A42A3F500064978 /* Sources */ = {
			isa = PBXSourcesBuildPhase;
			buildActionMask = 2147483647;
			files = (
				740C64341A42A3F500064978 /* DemoAddChildTests.m in Sources */,
			);
			runOnlyForDeploymentPostprocessing = 0;
		};
/* End PBXSourcesBuildPhase section */

/* Begin PBXTargetDependency section */
		740C642F1A42A3F500064978 /* PBXTargetDependency */ = {
			isa = PBXTargetDependency;
			target = 740C64131A42A3F400064978 /* DemoAddChild */;
			targetProxy = 740C642E1A42A3F500064978 /* PBXContainerItemProxy */;
		};
/* End PBXTargetDependency section */

/* Begin PBXVariantGroup section */
		740C64211A42A3F400064978 /* Main.storyboard */ = {
			isa = PBXVariantGroup;
			children = (
				740C64221A42A3F400064978 /* Base */,
			);
			name = Main.storyboard;
			sourceTree = "<group>";
		};
		740C64261A42A3F400064978 /* LaunchScreen.xib */ = {
			isa = PBXVariantGroup;
			children = (
				740C64271A42A3F400064978 /* Base */,
			);
			name = LaunchScreen.xib;
			sourceTree = "<group>";
		};
/* End PBXVariantGroup section */

/* Begin XCBuildConfiguration section */
		740C64351A42A3F500064978 /* Debug */ = {
			isa = XCBuildConfiguration;
			buildSettings = {
				ALWAYS_SEARCH_USER_PATHS = NO;
				CLANG_CXX_LANGUAGE_STANDARD = "gnu++0x";
				CLANG_CXX_LIBRARY = "libc++";
				CLANG_ENABLE_MODULES = YES;
				CLANG_ENABLE_OBJC_ARC = YES;
				CLANG_WARN_BOOL_CONVERSION = YES;
				CLANG_WARN_CONSTANT_CONVERSION = YES;
				CLANG_WARN_DIRECT_OBJC_ISA_USAGE = YES_ERROR;
				CLANG_WARN_EMPTY_BODY = YES;
				CLANG_WARN_ENUM_CONVERSION = YES;
				CLANG_WARN_INT_CONVERSION = YES;
				CLANG_WARN_OBJC_ROOT_CLASS = YES_ERROR;
				CLANG_WARN_UNREACHABLE_CODE = YES;
				CLANG_WARN__DUPLICATE_METHOD_MATCH = YES;
				"CODE_SIGN_IDENTITY[sdk=iphoneos*]" = "iPhone Developer";
				COPY_PHASE_STRIP = NO;
				ENABLE_STRICT_OBJC_MSGSEND = YES;
				GCC_C_LANGUAGE_STANDARD = gnu99;
				GCC_DYNAMIC_NO_PIC = NO;
				GCC_OPTIMIZATION_LEVEL = 0;
				GCC_PREPROCESSOR_DEFINITIONS = (
					"DEBUG=1",
					"$(inherited)",
				);
				GCC_SYMBOLS_PRIVATE_EXTERN = NO;
				GCC_WARN_64_TO_32_BIT_CONVERSION = YES;
				GCC_WARN_ABOUT_RETURN_TYPE = YES_ERROR;
				GCC_WARN_UNDECLARED_SELECTOR = YES;
				GCC_WARN_UNINITIALIZED_AUTOS = YES_AGGRESSIVE;
				GCC_WARN_UNUSED_FUNCTION = YES;
				GCC_WARN_UNUSED_VARIABLE = YES;
				IPHONEOS_DEPLOYMENT_TARGET = 8.0;
				MTL_ENABLE_DEBUG_INFO = YES;
				ONLY_ACTIVE_ARCH = YES;
				SDKROOT = iphoneos;
				TARGETED_DEVICE_FAMILY = "1,2";
			};
			name = Debug;
		};
		740C64361A42A3F500064978 /* Release */ = {
			isa = XCBuildConfiguration;
			buildSettings = {
				ALWAYS_SEARCH_USER_PATHS = NO;
				CLANG_CXX_LANGUAGE_STANDARD = "gnu++0x";
				CLANG_CXX_LIBRARY = "libc++";
				CLANG_ENABLE_MODULES = YES;
				CLANG_ENABLE_OBJC_ARC = YES;
				CLANG_WARN_BOOL_CONVERSION = YES;
				CLANG_WARN_CONSTANT_CONVERSION = YES;
				CLANG_WARN_DIRECT_OBJC_ISA_USAGE = YES_ERROR;
				CLANG_WARN_EMPTY_BODY = YES;
				CLANG_WARN_ENUM_CONVERSION = YES;
				CLANG_WARN_INT_CONVERSION = YES;
				CLANG_WARN_OBJC_ROOT_CLASS = YES_ERROR;
				CLANG_WARN_UNREACHABLE_CODE = YES;
				CLANG_WARN__DUPLICATE_METHOD_MATCH = YES;
				"CODE_SIGN_IDENTITY[sdk=iphoneos*]" = "iPhone Developer";
				COPY_PHASE_STRIP = YES;
				ENABLE_NS_ASSERTIONS = NO;
				ENABLE_STRICT_OBJC_MSGSEND = YES;
				GCC_C_LANGUAGE_STANDARD = gnu99;
				GCC_WARN_64_TO_32_BIT_CONVERSION = YES;
				GCC_WARN_ABOUT_RETURN_TYPE = YES_ERROR;
				GCC_WARN_UNDECLARED_SELECTOR = YES;
				GCC_WARN_UNINITIALIZED_AUTOS = YES_AGGRESSIVE;
				GCC_WARN_UNUSED_FUNCTION = YES;
				GCC_WARN_UNUSED_VARIABLE = YES;
				IPHONEOS_DEPLOYMENT_TARGET = 8.0;
				MTL_ENABLE_DEBUG_INFO = NO;
				SDKROOT = iphoneos;
				TARGETED_DEVICE_FAMILY = "1,2";
				VALIDATE_PRODUCT = YES;
			};
			name = Release;
		};
		740C64381A42A3F500064978 /* Debug */ = {
			isa = XCBuildConfiguration;
			buildSettings = {
				ASSETCATALOG_COMPILER_APPICON_NAME = AppIcon;
				INFOPLIST_FILE = DemoAddChild/Info.plist;
				IPHONEOS_DEPLOYMENT_TARGET = 7.0;
				LD_RUNPATH_SEARCH_PATHS = "$(inherited) @executable_path/Frameworks";
				PRODUCT_NAME = "$(TARGET_NAME)";
				PROVISIONING_PROFILE = "376a1660-bf50-4b50-8b9b-74b18f650e3e";
			};
			name = Debug;
		};
		740C64391A42A3F500064978 /* Release */ = {
			isa = XCBuildConfiguration;
			buildSettings = {
				ASSETCATALOG_COMPILER_APPICON_NAME = AppIcon;
				INFOPLIST_FILE = DemoAddChild/Info.plist;
				IPHONEOS_DEPLOYMENT_TARGET = 7.0;
				LD_RUNPATH_SEARCH_PATHS = "$(inherited) @executable_path/Frameworks";
				PRODUCT_NAME = "$(TARGET_NAME)";
				PROVISIONING_PROFILE = "376a1660-bf50-4b50-8b9b-74b18f650e3e";
			};
			name = Release;
		};
		740C643B1A42A3F500064978 /* Debug */ = {
			isa = XCBuildConfiguration;
			buildSettings = {
				BUNDLE_LOADER = "$(TEST_HOST)";
				FRAMEWORK_SEARCH_PATHS = (
					"$(SDKROOT)/Developer/Library/Frameworks",
					"$(inherited)",
				);
				GCC_PREPROCESSOR_DEFINITIONS = (
					"DEBUG=1",
					"$(inherited)",
				);
				INFOPLIST_FILE = DemoAddChildTests/Info.plist;
				LD_RUNPATH_SEARCH_PATHS = "$(inherited) @executable_path/Frameworks @loader_path/Frameworks";
				PRODUCT_NAME = "$(TARGET_NAME)";
				TEST_HOST = "$(BUILT_PRODUCTS_DIR)/DemoAddChild.app/DemoAddChild";
			};
			name = Debug;
		};
		740C643C1A42A3F500064978 /* Release */ = {
			isa = XCBuildConfiguration;
			buildSettings = {
				BUNDLE_LOADER = "$(TEST_HOST)";
				FRAMEWORK_SEARCH_PATHS = (
					"$(SDKROOT)/Developer/Library/Frameworks",
					"$(inherited)",
				);
				INFOPLIST_FILE = DemoAddChildTests/Info.plist;
				LD_RUNPATH_SEARCH_PATHS = "$(inherited) @executable_path/Frameworks @loader_path/Frameworks";
				PRODUCT_NAME = "$(TARGET_NAME)";
				TEST_HOST = "$(BUILT_PRODUCTS_DIR)/DemoAddChild.app/DemoAddChild";
			};
			name = Release;
		};
/* End XCBuildConfiguration section */

/* Begin XCConfigurationList section */
		740C640F1A42A3F400064978 /* Build configuration list for PBXProject "DemoAddChild" */ = {
			isa = XCConfigurationList;
			buildConfigurations = (
				740C64351A42A3F500064978 /* Debug */,
				740C64361A42A3F500064978 /* Release */,
			);
			defaultConfigurationIsVisible = 0;
			defaultConfigurationName = Release;
		};
		740C64371A42A3F500064978 /* Build configuration list for PBXNativeTarget "DemoAddChild" */ = {
			isa = XCConfigurationList;
			buildConfigurations = (
				740C64381A42A3F500064978 /* Debug */,
				740C64391A42A3F500064978 /* Release */,
			);
			defaultConfigurationIsVisible = 0;
			defaultConfigurationName = Release;
		};
		740C643A1A42A3F500064978 /* Build configuration list for PBXNativeTarget "DemoAddChildTests" */ = {
			isa = XCConfigurationList;
			buildConfigurations = (
				740C643B1A42A3F500064978 /* Debug */,
				740C643C1A42A3F500064978 /* Release */,
			);
			defaultConfigurationIsVisible = 0;
			defaultConfigurationName = Release;
		};
/* End XCConfigurationList section */
	};
	rootObject = 740C640C1A42A3F400064978 /* Project object */;
}
